// !$*UTF8*$!
{
	archiveVersion = 1;
	classes = {
	};
	objectVersion = 46;
	objects = {

/* Begin PBXBuildFile section */
		4A57E67E1F2977C80081E49A /* UIView+Extension.m in Sources */ = {isa = PBXBuildFile; fileRef = 4A57E67D1F2977C80081E49A /* UIView+Extension.m */; };
		4A57E6821F2977F10081E49A /* GLBusiness_ChooseController.m in Sources */ = {isa = PBXBuildFile; fileRef = 4A57E6801F2977F10081E49A /* GLBusiness_ChooseController.m */; };
		4A57E6831F2977F10081E49A /* GLBusiness_ChooseController.xib in Resources */ = {isa = PBXBuildFile; fileRef = 4A57E6811F2977F10081E49A /* GLBusiness_ChooseController.xib */; };
		4A57E6991F29C4660081E49A /* GLBusiness_DetailController.m in Sources */ = {isa = PBXBuildFile; fileRef = 4A57E68F1F29C4660081E49A /* GLBusiness_DetailController.m */; };
		4A57E69A1F29C4660081E49A /* GLBusiness_DetailController.xib in Resources */ = {isa = PBXBuildFile; fileRef = 4A57E6901F29C4660081E49A /* GLBusiness_DetailController.xib */; };
		4A57E69B1F29C4660081E49A /* GLBusiness_DetailCell.m in Sources */ = {isa = PBXBuildFile; fileRef = 4A57E6941F29C4660081E49A /* GLBusiness_DetailCell.m */; };
		4A57E69C1F29C4660081E49A /* GLBusiness_DetailCell.xib in Resources */ = {isa = PBXBuildFile; fileRef = 4A57E6951F29C4660081E49A /* GLBusiness_DetailCell.xib */; };
		4A57E69D1F29C4660081E49A /* GLBusiness_FirstCell.m in Sources */ = {isa = PBXBuildFile; fileRef = 4A57E6971F29C4660081E49A /* GLBusiness_FirstCell.m */; };
		4A57E69E1F29C4660081E49A /* GLBusiness_FirstCell.xib in Resources */ = {isa = PBXBuildFile; fileRef = 4A57E6981F29C4660081E49A /* GLBusiness_FirstCell.xib */; };
		4A57E6AC1F29C6830081E49A /* GLLoginController.m in Sources */ = {isa = PBXBuildFile; fileRef = 4A57E6AA1F29C6830081E49A /* GLLoginController.m */; };
		4A57E6AD1F29C6830081E49A /* GLLoginController.xib in Resources */ = {isa = PBXBuildFile; fileRef = 4A57E6AB1F29C6830081E49A /* GLLoginController.xib */; };
		4A57E6AF1F29C7140081E49A /* LoginAndRegister.xcassets in Resources */ = {isa = PBXBuildFile; fileRef = 4A57E6AE1F29C7140081E49A /* LoginAndRegister.xcassets */; };
		4A57E6B31F29CF730081E49A /* GLRegisterController.m in Sources */ = {isa = PBXBuildFile; fileRef = 4A57E6B11F29CF730081E49A /* GLRegisterController.m */; };
		4A57E6B41F29CF730081E49A /* GLRegisterController.xib in Resources */ = {isa = PBXBuildFile; fileRef = 4A57E6B21F29CF730081E49A /* GLRegisterController.xib */; };
		4A57E6B81F29D67F0081E49A /* GLForgetPasswordController.m in Sources */ = {isa = PBXBuildFile; fileRef = 4A57E6B61F29D67F0081E49A /* GLForgetPasswordController.m */; };
		4A57E6B91F29D67F0081E49A /* GLForgetPasswordController.xib in Resources */ = {isa = PBXBuildFile; fileRef = 4A57E6B71F29D67F0081E49A /* GLForgetPasswordController.xib */; };
		4A750E3D1F287EA0002B7244 /* GLBusiness_PreferredController.m in Sources */ = {isa = PBXBuildFile; fileRef = 4A750E3A1F287EA0002B7244 /* GLBusiness_PreferredController.m */; };
		4A750E3E1F287EA0002B7244 /* GLBusiness_PreferredController.xib in Resources */ = {isa = PBXBuildFile; fileRef = 4A750E3B1F287EA0002B7244 /* GLBusiness_PreferredController.xib */; };
		F90AE36D1F2841A500DCF645 /* LBMineListTableViewCell.swift in Sources */ = {isa = PBXBuildFile; fileRef = F90AE36B1F2841A500DCF645 /* LBMineListTableViewCell.swift */; };
		F90AE36E1F2841A500DCF645 /* LBMineListTableViewCell.xib in Resources */ = {isa = PBXBuildFile; fileRef = F90AE36C1F2841A500DCF645 /* LBMineListTableViewCell.xib */; };
		F946F5A11F2883EB0091A503 /* LBAddNewProjectViewController.swift in Sources */ = {isa = PBXBuildFile; fileRef = F946F59F1F2883EB0091A503 /* LBAddNewProjectViewController.swift */; };
		F946F5A21F2883EB0091A503 /* LBAddNewProjectViewController.xib in Resources */ = {isa = PBXBuildFile; fileRef = F946F5A01F2883EB0091A503 /* LBAddNewProjectViewController.xib */; };
		F946F5A51F2892350091A503 /* LBEssentialInformationViewController.swift in Sources */ = {isa = PBXBuildFile; fileRef = F946F5A31F2892350091A503 /* LBEssentialInformationViewController.swift */; };
		F946F5A61F2892350091A503 /* LBEssentialInformationViewController.xib in Resources */ = {isa = PBXBuildFile; fileRef = F946F5A41F2892350091A503 /* LBEssentialInformationViewController.xib */; };
		F95AE2EA1F258E4300946B37 /* main.m in Sources */ = {isa = PBXBuildFile; fileRef = F95AE2E91F258E4300946B37 /* main.m */; };
		F95AE2ED1F258E4300946B37 /* AppDelegate.m in Sources */ = {isa = PBXBuildFile; fileRef = F95AE2EC1F258E4300946B37 /* AppDelegate.m */; };
		F95AE2F01F258E4300946B37 /* ViewController.m in Sources */ = {isa = PBXBuildFile; fileRef = F95AE2EF1F258E4300946B37 /* ViewController.m */; };
		F95AE2F31F258E4300946B37 /* Main.storyboard in Resources */ = {isa = PBXBuildFile; fileRef = F95AE2F11F258E4300946B37 /* Main.storyboard */; };
		F95AE2F51F258E4300946B37 /* Assets.xcassets in Resources */ = {isa = PBXBuildFile; fileRef = F95AE2F41F258E4300946B37 /* Assets.xcassets */; };
		F95AE2F81F258E4300946B37 /* LaunchScreen.storyboard in Resources */ = {isa = PBXBuildFile; fileRef = F95AE2F61F258E4300946B37 /* LaunchScreen.storyboard */; };
		F95AE3031F258E4300946B37 /* chinaPartnerTests.m in Sources */ = {isa = PBXBuildFile; fileRef = F95AE3021F258E4300946B37 /* chinaPartnerTests.m */; };
		F95AE30E1F258E4400946B37 /* chinaPartnerUITests.m in Sources */ = {isa = PBXBuildFile; fileRef = F95AE30D1F258E4400946B37 /* chinaPartnerUITests.m */; };
		F95AE3271F2590C000946B37 /* LBEnterpriseViewController.swift in Sources */ = {isa = PBXBuildFile; fileRef = F95AE3251F2590C000946B37 /* LBEnterpriseViewController.swift */; };
		F95AE3281F2590C000946B37 /* LBEnterpriseViewController.xib in Resources */ = {isa = PBXBuildFile; fileRef = F95AE3261F2590C000946B37 /* LBEnterpriseViewController.xib */; };
		F95AE32B1F25913800946B37 /* LBBusinessOpportunityViewController.swift in Sources */ = {isa = PBXBuildFile; fileRef = F95AE3291F25913800946B37 /* LBBusinessOpportunityViewController.swift */; };
		F95AE32C1F25913800946B37 /* LBBusinessOpportunityViewController.xib in Resources */ = {isa = PBXBuildFile; fileRef = F95AE32A1F25913800946B37 /* LBBusinessOpportunityViewController.xib */; };
		F95AE32F1F25915400946B37 /* LBProjectViewController.swift in Sources */ = {isa = PBXBuildFile; fileRef = F95AE32D1F25915400946B37 /* LBProjectViewController.swift */; };
		F95AE3301F25915400946B37 /* LBProjectViewController.xib in Resources */ = {isa = PBXBuildFile; fileRef = F95AE32E1F25915400946B37 /* LBProjectViewController.xib */; };
		F95AE3331F25917400946B37 /* LBCircleViewController.swift in Sources */ = {isa = PBXBuildFile; fileRef = F95AE3311F25917400946B37 /* LBCircleViewController.swift */; };
		F95AE3341F25917400946B37 /* LBCircleViewController.xib in Resources */ = {isa = PBXBuildFile; fileRef = F95AE3321F25917400946B37 /* LBCircleViewController.xib */; };
		F95AE3371F25918C00946B37 /* LBMineViewController.swift in Sources */ = {isa = PBXBuildFile; fileRef = F95AE3351F25918C00946B37 /* LBMineViewController.swift */; };
		F95AE3381F25918C00946B37 /* LBMineViewController.xib in Resources */ = {isa = PBXBuildFile; fileRef = F95AE3361F25918C00946B37 /* LBMineViewController.xib */; };
		F95AE33D1F25957F00946B37 /* basenavagationViewController.swift in Sources */ = {isa = PBXBuildFile; fileRef = F95AE33B1F25957F00946B37 /* basenavagationViewController.swift */; };
		F95AE33E1F25957F00946B37 /* rootTableViewController.swift in Sources */ = {isa = PBXBuildFile; fileRef = F95AE33C1F25957F00946B37 /* rootTableViewController.swift */; };
		F95AE3481F25C7CD00946B37 /* tabbarSource.xcassets in Resources */ = {isa = PBXBuildFile; fileRef = F95AE3471F25C7CD00946B37 /* tabbarSource.xcassets */; };
		F95AE34A1F25CEC300946B37 /* enterpriseSource.xcassets in Resources */ = {isa = PBXBuildFile; fileRef = F95AE3491F25CEC300946B37 /* enterpriseSource.xcassets */; };
		F95AE34E1F25D98900946B37 /* LBEnterpriseHeaderView.swift in Sources */ = {isa = PBXBuildFile; fileRef = F95AE34D1F25D98900946B37 /* LBEnterpriseHeaderView.swift */; };
		F95AE3501F25D9A300946B37 /* LBEnterpriseHeaderView.xib in Resources */ = {isa = PBXBuildFile; fileRef = F95AE34F1F25D9A300946B37 /* LBEnterpriseHeaderView.xib */; };
		F95AE3531F25E32400946B37 /* headerpch.swift in Sources */ = {isa = PBXBuildFile; fileRef = F95AE3521F25E32400946B37 /* headerpch.swift */; };
		F974C8EA1F26F1AD00A4B029 /* LBServiceClassify.xib in Resources */ = {isa = PBXBuildFile; fileRef = F974C8E91F26F1AD00A4B029 /* LBServiceClassify.xib */; };
		F974C8EC1F26F22800A4B029 /* LBServiceClassify.swift in Sources */ = {isa = PBXBuildFile; fileRef = F974C8EB1F26F22800A4B029 /* LBServiceClassify.swift */; };
		F974C8EF1F273C0D00A4B029 /* LBBusinessOpportunityTableViewCell.swift in Sources */ = {isa = PBXBuildFile; fileRef = F974C8ED1F273C0D00A4B029 /* LBBusinessOpportunityTableViewCell.swift */; };
		F974C8F01F273C0D00A4B029 /* LBBusinessOpportunityTableViewCell.xib in Resources */ = {isa = PBXBuildFile; fileRef = F974C8EE1F273C0D00A4B029 /* LBBusinessOpportunityTableViewCell.xib */; };
		F974C8F31F273EED00A4B029 /* UIButton+SetEdgeInsets.m in Sources */ = {isa = PBXBuildFile; fileRef = F974C8F21F273EED00A4B029 /* UIButton+SetEdgeInsets.m */; };
		F974C8F61F27486D00A4B029 /* LBVariousActivitiesTableViewCell.swift in Sources */ = {isa = PBXBuildFile; fileRef = F974C8F41F27486D00A4B029 /* LBVariousActivitiesTableViewCell.swift */; };
		F974C8F71F27486D00A4B029 /* LBVariousActivitiesTableViewCell.xib in Resources */ = {isa = PBXBuildFile; fileRef = F974C8F51F27486D00A4B029 /* LBVariousActivitiesTableViewCell.xib */; };
		F974C8FA1F274BA400A4B029 /* LBProjectExchangeTableViewCell.swift in Sources */ = {isa = PBXBuildFile; fileRef = F974C8F81F274BA400A4B029 /* LBProjectExchangeTableViewCell.swift */; };
		F974C8FB1F274BA400A4B029 /* LBProjectExchangeTableViewCell.xib in Resources */ = {isa = PBXBuildFile; fileRef = F974C8F91F274BA400A4B029 /* LBProjectExchangeTableViewCell.xib */; };
		F974C8FE1F274E3800A4B029 /* LBCheckMoreTableViewCell.swift in Sources */ = {isa = PBXBuildFile; fileRef = F974C8FC1F274E3800A4B029 /* LBCheckMoreTableViewCell.swift */; };
		F974C8FF1F274E3800A4B029 /* LBCheckMoreTableViewCell.xib in Resources */ = {isa = PBXBuildFile; fileRef = F974C8FD1F274E3800A4B029 /* LBCheckMoreTableViewCell.xib */; };
		F974C9011F275AB100A4B029 /* Mine.xcassets in Resources */ = {isa = PBXBuildFile; fileRef = F974C9001F275AB100A4B029 /* Mine.xcassets */; };
		F974C9051F27612500A4B029 /* LBMineHeaderView.swift in Sources */ = {isa = PBXBuildFile; fileRef = F974C9041F27612500A4B029 /* LBMineHeaderView.swift */; };
		F974C9071F27613500A4B029 /* LBMineHeaderView.xib in Resources */ = {isa = PBXBuildFile; fileRef = F974C9061F27613500A4B029 /* LBMineHeaderView.xib */; };
/* End PBXBuildFile section */

/* Begin PBXContainerItemProxy section */
		F95AE2FF1F258E4300946B37 /* PBXContainerItemProxy */ = {
			isa = PBXContainerItemProxy;
			containerPortal = F95AE2DD1F258E4300946B37 /* Project object */;
			proxyType = 1;
			remoteGlobalIDString = F95AE2E41F258E4300946B37;
			remoteInfo = chinaPartner;
		};
		F95AE30A1F258E4400946B37 /* PBXContainerItemProxy */ = {
			isa = PBXContainerItemProxy;
			containerPortal = F95AE2DD1F258E4300946B37 /* Project object */;
			proxyType = 1;
			remoteGlobalIDString = F95AE2E41F258E4300946B37;
			remoteInfo = chinaPartner;
		};
/* End PBXContainerItemProxy section */

/* Begin PBXFileReference section */
		4A57E67C1F2977C80081E49A /* UIView+Extension.h */ = {isa = PBXFileReference; fileEncoding = 4; lastKnownFileType = sourcecode.c.h; path = "UIView+Extension.h"; sourceTree = "<group>"; };
		4A57E67D1F2977C80081E49A /* UIView+Extension.m */ = {isa = PBXFileReference; fileEncoding = 4; lastKnownFileType = sourcecode.c.objc; path = "UIView+Extension.m"; sourceTree = "<group>"; };
		4A57E67F1F2977F10081E49A /* GLBusiness_ChooseController.h */ = {isa = PBXFileReference; fileEncoding = 4; lastKnownFileType = sourcecode.c.h; path = GLBusiness_ChooseController.h; sourceTree = "<group>"; };
		4A57E6801F2977F10081E49A /* GLBusiness_ChooseController.m */ = {isa = PBXFileReference; fileEncoding = 4; lastKnownFileType = sourcecode.c.objc; path = GLBusiness_ChooseController.m; sourceTree = "<group>"; };
		4A57E6811F2977F10081E49A /* GLBusiness_ChooseController.xib */ = {isa = PBXFileReference; fileEncoding = 4; lastKnownFileType = file.xib; path = GLBusiness_ChooseController.xib; sourceTree = "<group>"; };
		4A57E68E1F29C4660081E49A /* GLBusiness_DetailController.h */ = {isa = PBXFileReference; fileEncoding = 4; lastKnownFileType = sourcecode.c.h; path = GLBusiness_DetailController.h; sourceTree = "<group>"; };
		4A57E68F1F29C4660081E49A /* GLBusiness_DetailController.m */ = {isa = PBXFileReference; fileEncoding = 4; lastKnownFileType = sourcecode.c.objc; path = GLBusiness_DetailController.m; sourceTree = "<group>"; };
		4A57E6901F29C4660081E49A /* GLBusiness_DetailController.xib */ = {isa = PBXFileReference; fileEncoding = 4; lastKnownFileType = file.xib; path = GLBusiness_DetailController.xib; sourceTree = "<group>"; };
		4A57E6931F29C4660081E49A /* GLBusiness_DetailCell.h */ = {isa = PBXFileReference; fileEncoding = 4; lastKnownFileType = sourcecode.c.h; path = GLBusiness_DetailCell.h; sourceTree = "<group>"; };
		4A57E6941F29C4660081E49A /* GLBusiness_DetailCell.m */ = {isa = PBXFileReference; fileEncoding = 4; lastKnownFileType = sourcecode.c.objc; path = GLBusiness_DetailCell.m; sourceTree = "<group>"; };
		4A57E6951F29C4660081E49A /* GLBusiness_DetailCell.xib */ = {isa = PBXFileReference; fileEncoding = 4; lastKnownFileType = file.xib; path = GLBusiness_DetailCell.xib; sourceTree = "<group>"; };
		4A57E6961F29C4660081E49A /* GLBusiness_FirstCell.h */ = {isa = PBXFileReference; fileEncoding = 4; lastKnownFileType = sourcecode.c.h; path = GLBusiness_FirstCell.h; sourceTree = "<group>"; };
		4A57E6971F29C4660081E49A /* GLBusiness_FirstCell.m */ = {isa = PBXFileReference; fileEncoding = 4; lastKnownFileType = sourcecode.c.objc; path = GLBusiness_FirstCell.m; sourceTree = "<group>"; };
		4A57E6981F29C4660081E49A /* GLBusiness_FirstCell.xib */ = {isa = PBXFileReference; fileEncoding = 4; lastKnownFileType = file.xib; path = GLBusiness_FirstCell.xib; sourceTree = "<group>"; };
		4A57E6A91F29C6830081E49A /* GLLoginController.h */ = {isa = PBXFileReference; fileEncoding = 4; lastKnownFileType = sourcecode.c.h; path = GLLoginController.h; sourceTree = "<group>"; };
		4A57E6AA1F29C6830081E49A /* GLLoginController.m */ = {isa = PBXFileReference; fileEncoding = 4; lastKnownFileType = sourcecode.c.objc; path = GLLoginController.m; sourceTree = "<group>"; };
		4A57E6AB1F29C6830081E49A /* GLLoginController.xib */ = {isa = PBXFileReference; fileEncoding = 4; lastKnownFileType = file.xib; path = GLLoginController.xib; sourceTree = "<group>"; };
		4A57E6AE1F29C7140081E49A /* LoginAndRegister.xcassets */ = {isa = PBXFileReference; lastKnownFileType = folder.assetcatalog; path = LoginAndRegister.xcassets; sourceTree = "<group>"; };
		4A57E6B01F29CF730081E49A /* GLRegisterController.h */ = {isa = PBXFileReference; fileEncoding = 4; lastKnownFileType = sourcecode.c.h; path = GLRegisterController.h; sourceTree = "<group>"; };
		4A57E6B11F29CF730081E49A /* GLRegisterController.m */ = {isa = PBXFileReference; fileEncoding = 4; lastKnownFileType = sourcecode.c.objc; path = GLRegisterController.m; sourceTree = "<group>"; };
		4A57E6B21F29CF730081E49A /* GLRegisterController.xib */ = {isa = PBXFileReference; fileEncoding = 4; lastKnownFileType = file.xib; path = GLRegisterController.xib; sourceTree = "<group>"; };
		4A57E6B51F29D67F0081E49A /* GLForgetPasswordController.h */ = {isa = PBXFileReference; fileEncoding = 4; lastKnownFileType = sourcecode.c.h; path = GLForgetPasswordController.h; sourceTree = "<group>"; };
		4A57E6B61F29D67F0081E49A /* GLForgetPasswordController.m */ = {isa = PBXFileReference; fileEncoding = 4; lastKnownFileType = sourcecode.c.objc; path = GLForgetPasswordController.m; sourceTree = "<group>"; };
		4A57E6B71F29D67F0081E49A /* GLForgetPasswordController.xib */ = {isa = PBXFileReference; fileEncoding = 4; lastKnownFileType = file.xib; path = GLForgetPasswordController.xib; sourceTree = "<group>"; };
		4A750E391F287EA0002B7244 /* GLBusiness_PreferredController.h */ = {isa = PBXFileReference; fileEncoding = 4; lastKnownFileType = sourcecode.c.h; path = GLBusiness_PreferredController.h; sourceTree = "<group>"; };
		4A750E3A1F287EA0002B7244 /* GLBusiness_PreferredController.m */ = {isa = PBXFileReference; fileEncoding = 4; lastKnownFileType = sourcecode.c.objc; path = GLBusiness_PreferredController.m; sourceTree = "<group>"; };
		4A750E3B1F287EA0002B7244 /* GLBusiness_PreferredController.xib */ = {isa = PBXFileReference; fileEncoding = 4; lastKnownFileType = file.xib; path = GLBusiness_PreferredController.xib; sourceTree = "<group>"; };
		F90AE36B1F2841A500DCF645 /* LBMineListTableViewCell.swift */ = {isa = PBXFileReference; fileEncoding = 4; lastKnownFileType = sourcecode.swift; path = LBMineListTableViewCell.swift; sourceTree = "<group>"; };
		F90AE36C1F2841A500DCF645 /* LBMineListTableViewCell.xib */ = {isa = PBXFileReference; fileEncoding = 4; lastKnownFileType = file.xib; path = LBMineListTableViewCell.xib; sourceTree = "<group>"; };
		F946F59F1F2883EB0091A503 /* LBAddNewProjectViewController.swift */ = {isa = PBXFileReference; fileEncoding = 4; lastKnownFileType = sourcecode.swift; path = LBAddNewProjectViewController.swift; sourceTree = "<group>"; };
		F946F5A01F2883EB0091A503 /* LBAddNewProjectViewController.xib */ = {isa = PBXFileReference; fileEncoding = 4; lastKnownFileType = file.xib; path = LBAddNewProjectViewController.xib; sourceTree = "<group>"; };
		F946F5A31F2892350091A503 /* LBEssentialInformationViewController.swift */ = {isa = PBXFileReference; fileEncoding = 4; lastKnownFileType = sourcecode.swift; path = LBEssentialInformationViewController.swift; sourceTree = "<group>"; };
		F946F5A41F2892350091A503 /* LBEssentialInformationViewController.xib */ = {isa = PBXFileReference; fileEncoding = 4; lastKnownFileType = file.xib; path = LBEssentialInformationViewController.xib; sourceTree = "<group>"; };
		F95AE2E51F258E4300946B37 /* chinaPartner.app */ = {isa = PBXFileReference; explicitFileType = wrapper.application; includeInIndex = 0; path = chinaPartner.app; sourceTree = BUILT_PRODUCTS_DIR; };
		F95AE2E91F258E4300946B37 /* main.m */ = {isa = PBXFileReference; lastKnownFileType = sourcecode.c.objc; path = main.m; sourceTree = "<group>"; };
		F95AE2EB1F258E4300946B37 /* AppDelegate.h */ = {isa = PBXFileReference; lastKnownFileType = sourcecode.c.h; path = AppDelegate.h; sourceTree = "<group>"; };
		F95AE2EC1F258E4300946B37 /* AppDelegate.m */ = {isa = PBXFileReference; lastKnownFileType = sourcecode.c.objc; path = AppDelegate.m; sourceTree = "<group>"; };
		F95AE2EE1F258E4300946B37 /* ViewController.h */ = {isa = PBXFileReference; lastKnownFileType = sourcecode.c.h; path = ViewController.h; sourceTree = "<group>"; };
		F95AE2EF1F258E4300946B37 /* ViewController.m */ = {isa = PBXFileReference; lastKnownFileType = sourcecode.c.objc; path = ViewController.m; sourceTree = "<group>"; };
		F95AE2F21F258E4300946B37 /* Base */ = {isa = PBXFileReference; lastKnownFileType = file.storyboard; name = Base; path = Base.lproj/Main.storyboard; sourceTree = "<group>"; };
		F95AE2F41F258E4300946B37 /* Assets.xcassets */ = {isa = PBXFileReference; lastKnownFileType = folder.assetcatalog; path = Assets.xcassets; sourceTree = "<group>"; };
		F95AE2F71F258E4300946B37 /* Base */ = {isa = PBXFileReference; lastKnownFileType = file.storyboard; name = Base; path = Base.lproj/LaunchScreen.storyboard; sourceTree = "<group>"; };
		F95AE2F91F258E4300946B37 /* Info.plist */ = {isa = PBXFileReference; lastKnownFileType = text.plist.xml; path = Info.plist; sourceTree = "<group>"; };
		F95AE2FE1F258E4300946B37 /* chinaPartnerTests.xctest */ = {isa = PBXFileReference; explicitFileType = wrapper.cfbundle; includeInIndex = 0; path = chinaPartnerTests.xctest; sourceTree = BUILT_PRODUCTS_DIR; };
		F95AE3021F258E4300946B37 /* chinaPartnerTests.m */ = {isa = PBXFileReference; lastKnownFileType = sourcecode.c.objc; path = chinaPartnerTests.m; sourceTree = "<group>"; };
		F95AE3041F258E4400946B37 /* Info.plist */ = {isa = PBXFileReference; lastKnownFileType = text.plist.xml; path = Info.plist; sourceTree = "<group>"; };
		F95AE3091F258E4400946B37 /* chinaPartnerUITests.xctest */ = {isa = PBXFileReference; explicitFileType = wrapper.cfbundle; includeInIndex = 0; path = chinaPartnerUITests.xctest; sourceTree = BUILT_PRODUCTS_DIR; };
		F95AE30D1F258E4400946B37 /* chinaPartnerUITests.m */ = {isa = PBXFileReference; lastKnownFileType = sourcecode.c.objc; path = chinaPartnerUITests.m; sourceTree = "<group>"; };
		F95AE30F1F258E4400946B37 /* Info.plist */ = {isa = PBXFileReference; lastKnownFileType = text.plist.xml; path = Info.plist; sourceTree = "<group>"; };
		F95AE3251F2590C000946B37 /* LBEnterpriseViewController.swift */ = {isa = PBXFileReference; fileEncoding = 4; lastKnownFileType = sourcecode.swift; path = LBEnterpriseViewController.swift; sourceTree = "<group>"; };
		F95AE3261F2590C000946B37 /* LBEnterpriseViewController.xib */ = {isa = PBXFileReference; fileEncoding = 4; lastKnownFileType = file.xib; path = LBEnterpriseViewController.xib; sourceTree = "<group>"; };
		F95AE3291F25913800946B37 /* LBBusinessOpportunityViewController.swift */ = {isa = PBXFileReference; fileEncoding = 4; lastKnownFileType = sourcecode.swift; path = LBBusinessOpportunityViewController.swift; sourceTree = "<group>"; };
		F95AE32A1F25913800946B37 /* LBBusinessOpportunityViewController.xib */ = {isa = PBXFileReference; fileEncoding = 4; lastKnownFileType = file.xib; path = LBBusinessOpportunityViewController.xib; sourceTree = "<group>"; };
		F95AE32D1F25915400946B37 /* LBProjectViewController.swift */ = {isa = PBXFileReference; fileEncoding = 4; lastKnownFileType = sourcecode.swift; path = LBProjectViewController.swift; sourceTree = "<group>"; };
		F95AE32E1F25915400946B37 /* LBProjectViewController.xib */ = {isa = PBXFileReference; fileEncoding = 4; lastKnownFileType = file.xib; path = LBProjectViewController.xib; sourceTree = "<group>"; };
		F95AE3311F25917400946B37 /* LBCircleViewController.swift */ = {isa = PBXFileReference; fileEncoding = 4; lastKnownFileType = sourcecode.swift; path = LBCircleViewController.swift; sourceTree = "<group>"; };
		F95AE3321F25917400946B37 /* LBCircleViewController.xib */ = {isa = PBXFileReference; fileEncoding = 4; lastKnownFileType = file.xib; path = LBCircleViewController.xib; sourceTree = "<group>"; };
		F95AE3351F25918C00946B37 /* LBMineViewController.swift */ = {isa = PBXFileReference; fileEncoding = 4; lastKnownFileType = sourcecode.swift; path = LBMineViewController.swift; sourceTree = "<group>"; };
		F95AE3361F25918C00946B37 /* LBMineViewController.xib */ = {isa = PBXFileReference; fileEncoding = 4; lastKnownFileType = file.xib; path = LBMineViewController.xib; sourceTree = "<group>"; };
		F95AE3391F25948800946B37 /* chinaPartner-Bridging-Header.h */ = {isa = PBXFileReference; fileEncoding = 4; lastKnownFileType = sourcecode.c.h; path = "chinaPartner-Bridging-Header.h"; sourceTree = "<group>"; };
		F95AE33B1F25957F00946B37 /* basenavagationViewController.swift */ = {isa = PBXFileReference; fileEncoding = 4; lastKnownFileType = sourcecode.swift; path = basenavagationViewController.swift; sourceTree = "<group>"; };
		F95AE33C1F25957F00946B37 /* rootTableViewController.swift */ = {isa = PBXFileReference; fileEncoding = 4; lastKnownFileType = sourcecode.swift; path = rootTableViewController.swift; sourceTree = "<group>"; };
		F95AE3441F25C5EC00946B37 /* PrefixHeader.pch */ = {isa = PBXFileReference; lastKnownFileType = sourcecode.c.h; path = PrefixHeader.pch; sourceTree = "<group>"; };
		F95AE3471F25C7CD00946B37 /* tabbarSource.xcassets */ = {isa = PBXFileReference; lastKnownFileType = folder.assetcatalog; path = tabbarSource.xcassets; sourceTree = "<group>"; };
		F95AE3491F25CEC300946B37 /* enterpriseSource.xcassets */ = {isa = PBXFileReference; lastKnownFileType = folder.assetcatalog; path = enterpriseSource.xcassets; sourceTree = "<group>"; };
		F95AE34D1F25D98900946B37 /* LBEnterpriseHeaderView.swift */ = {isa = PBXFileReference; fileEncoding = 4; lastKnownFileType = sourcecode.swift; path = LBEnterpriseHeaderView.swift; sourceTree = "<group>"; };
		F95AE34F1F25D9A300946B37 /* LBEnterpriseHeaderView.xib */ = {isa = PBXFileReference; fileEncoding = 4; lastKnownFileType = file.xib; path = LBEnterpriseHeaderView.xib; sourceTree = "<group>"; };
		F95AE3511F25E0F200946B37 /* LBGlobalariable.h */ = {isa = PBXFileReference; lastKnownFileType = sourcecode.c.h; path = LBGlobalariable.h; sourceTree = "<group>"; };
		F95AE3521F25E32400946B37 /* headerpch.swift */ = {isa = PBXFileReference; fileEncoding = 4; lastKnownFileType = sourcecode.swift; path = headerpch.swift; sourceTree = "<group>"; };
		F974C8E91F26F1AD00A4B029 /* LBServiceClassify.xib */ = {isa = PBXFileReference; fileEncoding = 4; lastKnownFileType = file.xib; path = LBServiceClassify.xib; sourceTree = "<group>"; };
		F974C8EB1F26F22800A4B029 /* LBServiceClassify.swift */ = {isa = PBXFileReference; fileEncoding = 4; lastKnownFileType = sourcecode.swift; path = LBServiceClassify.swift; sourceTree = "<group>"; };
		F974C8ED1F273C0D00A4B029 /* LBBusinessOpportunityTableViewCell.swift */ = {isa = PBXFileReference; fileEncoding = 4; lastKnownFileType = sourcecode.swift; path = LBBusinessOpportunityTableViewCell.swift; sourceTree = "<group>"; };
		F974C8EE1F273C0D00A4B029 /* LBBusinessOpportunityTableViewCell.xib */ = {isa = PBXFileReference; fileEncoding = 4; lastKnownFileType = file.xib; path = LBBusinessOpportunityTableViewCell.xib; sourceTree = "<group>"; };
		F974C8F11F273EED00A4B029 /* UIButton+SetEdgeInsets.h */ = {isa = PBXFileReference; fileEncoding = 4; lastKnownFileType = sourcecode.c.h; path = "UIButton+SetEdgeInsets.h"; sourceTree = "<group>"; };
		F974C8F21F273EED00A4B029 /* UIButton+SetEdgeInsets.m */ = {isa = PBXFileReference; fileEncoding = 4; lastKnownFileType = sourcecode.c.objc; path = "UIButton+SetEdgeInsets.m"; sourceTree = "<group>"; };
		F974C8F41F27486D00A4B029 /* LBVariousActivitiesTableViewCell.swift */ = {isa = PBXFileReference; fileEncoding = 4; lastKnownFileType = sourcecode.swift; path = LBVariousActivitiesTableViewCell.swift; sourceTree = "<group>"; };
		F974C8F51F27486D00A4B029 /* LBVariousActivitiesTableViewCell.xib */ = {isa = PBXFileReference; fileEncoding = 4; lastKnownFileType = file.xib; path = LBVariousActivitiesTableViewCell.xib; sourceTree = "<group>"; };
		F974C8F81F274BA400A4B029 /* LBProjectExchangeTableViewCell.swift */ = {isa = PBXFileReference; fileEncoding = 4; lastKnownFileType = sourcecode.swift; path = LBProjectExchangeTableViewCell.swift; sourceTree = "<group>"; };
		F974C8F91F274BA400A4B029 /* LBProjectExchangeTableViewCell.xib */ = {isa = PBXFileReference; fileEncoding = 4; lastKnownFileType = file.xib; path = LBProjectExchangeTableViewCell.xib; sourceTree = "<group>"; };
		F974C8FC1F274E3800A4B029 /* LBCheckMoreTableViewCell.swift */ = {isa = PBXFileReference; fileEncoding = 4; lastKnownFileType = sourcecode.swift; path = LBCheckMoreTableViewCell.swift; sourceTree = "<group>"; };
		F974C8FD1F274E3800A4B029 /* LBCheckMoreTableViewCell.xib */ = {isa = PBXFileReference; fileEncoding = 4; lastKnownFileType = file.xib; path = LBCheckMoreTableViewCell.xib; sourceTree = "<group>"; };
		F974C9001F275AB100A4B029 /* Mine.xcassets */ = {isa = PBXFileReference; lastKnownFileType = folder.assetcatalog; path = Mine.xcassets; sourceTree = "<group>"; };
		F974C9041F27612500A4B029 /* LBMineHeaderView.swift */ = {isa = PBXFileReference; fileEncoding = 4; lastKnownFileType = sourcecode.swift; path = LBMineHeaderView.swift; sourceTree = "<group>"; };
		F974C9061F27613500A4B029 /* LBMineHeaderView.xib */ = {isa = PBXFileReference; fileEncoding = 4; lastKnownFileType = file.xib; path = LBMineHeaderView.xib; sourceTree = "<group>"; };
/* End PBXFileReference section */

/* Begin PBXFrameworksBuildPhase section */
		F95AE2E21F258E4300946B37 /* Frameworks */ = {
			isa = PBXFrameworksBuildPhase;
			buildActionMask = 2147483647;
			files = (
			);
			runOnlyForDeploymentPostprocessing = 0;
		};
		F95AE2FB1F258E4300946B37 /* Frameworks */ = {
			isa = PBXFrameworksBuildPhase;
			buildActionMask = 2147483647;
			files = (
			);
			runOnlyForDeploymentPostprocessing = 0;
		};
		F95AE3061F258E4400946B37 /* Frameworks */ = {
			isa = PBXFrameworksBuildPhase;
			buildActionMask = 2147483647;
			files = (
			);
			runOnlyForDeploymentPostprocessing = 0;
		};
/* End PBXFrameworksBuildPhase section */

/* Begin PBXGroup section */
		4A57E68C1F29C4660081E49A /* 项目详情 */ = {
			isa = PBXGroup;
			children = (
				4A57E68D1F29C4660081E49A /* Controller */,
				4A57E6911F29C4660081E49A /* Model */,
				4A57E6921F29C4660081E49A /* View */,
			);
			path = "项目详情";
			sourceTree = "<group>";
		};
		4A57E68D1F29C4660081E49A /* Controller */ = {
			isa = PBXGroup;
			children = (
				4A57E68E1F29C4660081E49A /* GLBusiness_DetailController.h */,
				4A57E68F1F29C4660081E49A /* GLBusiness_DetailController.m */,
				4A57E6901F29C4660081E49A /* GLBusiness_DetailController.xib */,
			);
			path = Controller;
			sourceTree = "<group>";
		};
		4A57E6911F29C4660081E49A /* Model */ = {
			isa = PBXGroup;
			children = (
			);
			path = Model;
			sourceTree = "<group>";
		};
		4A57E6921F29C4660081E49A /* View */ = {
			isa = PBXGroup;
			children = (
				4A57E6931F29C4660081E49A /* GLBusiness_DetailCell.h */,
				4A57E6941F29C4660081E49A /* GLBusiness_DetailCell.m */,
				4A57E6951F29C4660081E49A /* GLBusiness_DetailCell.xib */,
				4A57E6961F29C4660081E49A /* GLBusiness_FirstCell.h */,
				4A57E6971F29C4660081E49A /* GLBusiness_FirstCell.m */,
				4A57E6981F29C4660081E49A /* GLBusiness_FirstCell.xib */,
			);
			path = View;
			sourceTree = "<group>";
		};
		4A57E69F1F29C4F60081E49A /* loginAndRegister */ = {
			isa = PBXGroup;
			children = (
				4A57E6A31F29C4F60081E49A /* Login */,
				4A57E6A61F29C4F60081E49A /* Register */,
				4A57E6A01F29C4F60081E49A /* ForgetPassWord */,
			);
			path = loginAndRegister;
			sourceTree = "<group>";
		};
		4A57E6A01F29C4F60081E49A /* ForgetPassWord */ = {
			isa = PBXGroup;
			children = (
				4A57E6A11F29C4F60081E49A /* Controller */,
				4A57E6A21F29C4F60081E49A /* View */,
			);
			path = ForgetPassWord;
			sourceTree = "<group>";
		};
		4A57E6A11F29C4F60081E49A /* Controller */ = {
			isa = PBXGroup;
			children = (
				4A57E6B51F29D67F0081E49A /* GLForgetPasswordController.h */,
				4A57E6B61F29D67F0081E49A /* GLForgetPasswordController.m */,
				4A57E6B71F29D67F0081E49A /* GLForgetPasswordController.xib */,
			);
			path = Controller;
			sourceTree = "<group>";
		};
		4A57E6A21F29C4F60081E49A /* View */ = {
			isa = PBXGroup;
			children = (
			);
			path = View;
			sourceTree = "<group>";
		};
		4A57E6A31F29C4F60081E49A /* Login */ = {
			isa = PBXGroup;
			children = (
				4A57E6A41F29C4F60081E49A /* Controller */,
				4A57E6A51F29C4F60081E49A /* View */,
			);
			path = Login;
			sourceTree = "<group>";
		};
		4A57E6A41F29C4F60081E49A /* Controller */ = {
			isa = PBXGroup;
			children = (
				4A57E6A91F29C6830081E49A /* GLLoginController.h */,
				4A57E6AA1F29C6830081E49A /* GLLoginController.m */,
				4A57E6AB1F29C6830081E49A /* GLLoginController.xib */,
			);
			path = Controller;
			sourceTree = "<group>";
		};
		4A57E6A51F29C4F60081E49A /* View */ = {
			isa = PBXGroup;
			children = (
			);
			path = View;
			sourceTree = "<group>";
		};
		4A57E6A61F29C4F60081E49A /* Register */ = {
			isa = PBXGroup;
			children = (
				4A57E6A71F29C4F60081E49A /* Controller */,
				4A57E6A81F29C4F60081E49A /* View */,
			);
			path = Register;
			sourceTree = "<group>";
		};
		4A57E6A71F29C4F60081E49A /* Controller */ = {
			isa = PBXGroup;
			children = (
				4A57E6B01F29CF730081E49A /* GLRegisterController.h */,
				4A57E6B11F29CF730081E49A /* GLRegisterController.m */,
				4A57E6B21F29CF730081E49A /* GLRegisterController.xib */,
			);
			path = Controller;
			sourceTree = "<group>";
		};
		4A57E6A81F29C4F60081E49A /* View */ = {
			isa = PBXGroup;
			children = (
			);
			path = View;
			sourceTree = "<group>";
		};
		4A750E371F287EA0002B7244 /* 商机优选 */ = {
			isa = PBXGroup;
			children = (
				4A750E381F287EA0002B7244 /* Controller */,
				4A750E3C1F287EA0002B7244 /* View */,
			);
			path = "商机优选";
			sourceTree = "<group>";
		};
		4A750E381F287EA0002B7244 /* Controller */ = {
			isa = PBXGroup;
			children = (
				4A750E391F287EA0002B7244 /* GLBusiness_PreferredController.h */,
				4A750E3A1F287EA0002B7244 /* GLBusiness_PreferredController.m */,
				4A750E3B1F287EA0002B7244 /* GLBusiness_PreferredController.xib */,
				4A57E67F1F2977F10081E49A /* GLBusiness_ChooseController.h */,
				4A57E6801F2977F10081E49A /* GLBusiness_ChooseController.m */,
				4A57E6811F2977F10081E49A /* GLBusiness_ChooseController.xib */,
			);
			path = Controller;
			sourceTree = "<group>";
		};
		4A750E3C1F287EA0002B7244 /* View */ = {
			isa = PBXGroup;
			children = (
			);
			path = View;
			sourceTree = "<group>";
		};
		F946F59D1F2880FE0091A503 /* model */ = {
			isa = PBXGroup;
			children = (
			);
			path = model;
			sourceTree = "<group>";
		};
		F946F59E1F2880FE0091A503 /* view */ = {
			isa = PBXGroup;
			children = (
			);
			path = view;
			sourceTree = "<group>";
		};
		F95AE2DC1F258E4300946B37 = {
			isa = PBXGroup;
			children = (
				F95AE2E71F258E4300946B37 /* chinaPartner */,
				F95AE3011F258E4300946B37 /* chinaPartnerTests */,
				F95AE30C1F258E4400946B37 /* chinaPartnerUITests */,
				F95AE2E61F258E4300946B37 /* Products */,
			);
			sourceTree = "<group>";
		};
		F95AE2E61F258E4300946B37 /* Products */ = {
			isa = PBXGroup;
			children = (
				F95AE2E51F258E4300946B37 /* chinaPartner.app */,
				F95AE2FE1F258E4300946B37 /* chinaPartnerTests.xctest */,
				F95AE3091F258E4400946B37 /* chinaPartnerUITests.xctest */,
			);
			name = Products;
			sourceTree = "<group>";
		};
		F95AE2E71F258E4300946B37 /* chinaPartner */ = {
			isa = PBXGroup;
			children = (
				F95AE2EB1F258E4300946B37 /* AppDelegate.h */,
				F95AE2EC1F258E4300946B37 /* AppDelegate.m */,
				F95AE2EE1F258E4300946B37 /* ViewController.h */,
				F95AE2EF1F258E4300946B37 /* ViewController.m */,
				F95AE31B1F25900900946B37 /* network */,
				F95AE31C1F25900900946B37 /* dataSave */,
				F95AE31D1F25900900946B37 /* threeParts */,
				F95AE31E1F25900900946B37 /* tools */,
				F95AE33A1F25957F00946B37 /* tabbarcontroller */,
				4A57E69F1F29C4F60081E49A /* loginAndRegister */,
				F95AE31F1F25900900946B37 /* enterprise */,
				F95AE3201F25900900946B37 /* business Opportunity */,
				F95AE3211F25900900946B37 /* project */,
				F95AE3221F25900900946B37 /* circle */,
				F95AE3231F25900900946B37 /* mine */,
				F95AE3451F25C74000946B37 /* configurationFile */,
				F95AE3461F25C77000946B37 /* resourceFile */,
				F95AE2F11F258E4300946B37 /* Main.storyboard */,
				F95AE2F41F258E4300946B37 /* Assets.xcassets */,
				F95AE2F61F258E4300946B37 /* LaunchScreen.storyboard */,
				F95AE3391F25948800946B37 /* chinaPartner-Bridging-Header.h */,
				F95AE3441F25C5EC00946B37 /* PrefixHeader.pch */,
				F95AE2F91F258E4300946B37 /* Info.plist */,
				F95AE2E81F258E4300946B37 /* Supporting Files */,
			);
			path = chinaPartner;
			sourceTree = "<group>";
		};
		F95AE2E81F258E4300946B37 /* Supporting Files */ = {
			isa = PBXGroup;
			children = (
				F95AE2E91F258E4300946B37 /* main.m */,
			);
			name = "Supporting Files";
			sourceTree = "<group>";
		};
		F95AE3011F258E4300946B37 /* chinaPartnerTests */ = {
			isa = PBXGroup;
			children = (
				F95AE3021F258E4300946B37 /* chinaPartnerTests.m */,
				F95AE3041F258E4400946B37 /* Info.plist */,
			);
			path = chinaPartnerTests;
			sourceTree = "<group>";
		};
		F95AE30C1F258E4400946B37 /* chinaPartnerUITests */ = {
			isa = PBXGroup;
			children = (
				F95AE30D1F258E4400946B37 /* chinaPartnerUITests.m */,
				F95AE30F1F258E4400946B37 /* Info.plist */,
			);
			path = chinaPartnerUITests;
			sourceTree = "<group>";
		};
		F95AE31B1F25900900946B37 /* network */ = {
			isa = PBXGroup;
			children = (
			);
			path = network;
			sourceTree = "<group>";
		};
		F95AE31C1F25900900946B37 /* dataSave */ = {
			isa = PBXGroup;
			children = (
			);
			path = dataSave;
			sourceTree = "<group>";
		};
		F95AE31D1F25900900946B37 /* threeParts */ = {
			isa = PBXGroup;
			children = (
			);
			path = threeParts;
			sourceTree = "<group>";
		};
		F95AE31E1F25900900946B37 /* tools */ = {
			isa = PBXGroup;
			children = (
				4A57E67C1F2977C80081E49A /* UIView+Extension.h */,
				4A57E67D1F2977C80081E49A /* UIView+Extension.m */,
				F974C8F11F273EED00A4B029 /* UIButton+SetEdgeInsets.h */,
				F974C8F21F273EED00A4B029 /* UIButton+SetEdgeInsets.m */,
			);
			path = tools;
			sourceTree = "<group>";
		};
		F95AE31F1F25900900946B37 /* enterprise */ = {
			isa = PBXGroup;
			children = (
				F95AE3251F2590C000946B37 /* LBEnterpriseViewController.swift */,
				F95AE3261F2590C000946B37 /* LBEnterpriseViewController.xib */,
				F95AE34B1F25D95600946B37 /* model */,
				F95AE34C1F25D95600946B37 /* view */,
			);
			path = enterprise;
			sourceTree = "<group>";
		};
		F95AE3201F25900900946B37 /* business Opportunity */ = {
			isa = PBXGroup;
			children = (
				4A57E68C1F29C4660081E49A /* 项目详情 */,
				4A750E371F287EA0002B7244 /* 商机优选 */,
				F95AE3291F25913800946B37 /* LBBusinessOpportunityViewController.swift */,
				F95AE32A1F25913800946B37 /* LBBusinessOpportunityViewController.xib */,
			);
			path = "business Opportunity";
			sourceTree = "<group>";
		};
		F95AE3211F25900900946B37 /* project */ = {
			isa = PBXGroup;
			children = (
				F95AE32D1F25915400946B37 /* LBProjectViewController.swift */,
				F95AE32E1F25915400946B37 /* LBProjectViewController.xib */,
				F946F59F1F2883EB0091A503 /* LBAddNewProjectViewController.swift */,
				F946F5A01F2883EB0091A503 /* LBAddNewProjectViewController.xib */,
				F946F5A31F2892350091A503 /* LBEssentialInformationViewController.swift */,
				F946F5A41F2892350091A503 /* LBEssentialInformationViewController.xib */,
				F946F59D1F2880FE0091A503 /* model */,
				F946F59E1F2880FE0091A503 /* view */,
			);
			path = project;
			sourceTree = "<group>";
		};
		F95AE3221F25900900946B37 /* circle */ = {
			isa = PBXGroup;
			children = (
				F95AE3311F25917400946B37 /* LBCircleViewController.swift */,
				F95AE3321F25917400946B37 /* LBCircleViewController.xib */,
			);
			path = circle;
			sourceTree = "<group>";
		};
		F95AE3231F25900900946B37 /* mine */ = {
			isa = PBXGroup;
			children = (
				F95AE3351F25918C00946B37 /* LBMineViewController.swift */,
				F95AE3361F25918C00946B37 /* LBMineViewController.xib */,
				F974C9021F2760E800A4B029 /* model */,
				F974C9031F2760F800A4B029 /* view */,
			);
			path = mine;
			sourceTree = "<group>";
		};
		F95AE33A1F25957F00946B37 /* tabbarcontroller */ = {
			isa = PBXGroup;
			children = (
				F95AE33B1F25957F00946B37 /* basenavagationViewController.swift */,
				F95AE33C1F25957F00946B37 /* rootTableViewController.swift */,
			);
			path = tabbarcontroller;
			sourceTree = "<group>";
		};
		F95AE3451F25C74000946B37 /* configurationFile */ = {
			isa = PBXGroup;
			children = (
				F95AE3521F25E32400946B37 /* headerpch.swift */,
				F95AE3511F25E0F200946B37 /* LBGlobalariable.h */,
			);
			path = configurationFile;
			sourceTree = "<group>";
		};
		F95AE3461F25C77000946B37 /* resourceFile */ = {
			isa = PBXGroup;
			children = (
				F95AE3471F25C7CD00946B37 /* tabbarSource.xcassets */,
				F95AE3491F25CEC300946B37 /* enterpriseSource.xcassets */,
				F974C9001F275AB100A4B029 /* Mine.xcassets */,
				4A57E6AE1F29C7140081E49A /* LoginAndRegister.xcassets */,
			);
			path = resourceFile;
			sourceTree = "<group>";
		};
		F95AE34B1F25D95600946B37 /* model */ = {
			isa = PBXGroup;
			children = (
			);
			path = model;
			sourceTree = "<group>";
		};
		F95AE34C1F25D95600946B37 /* view */ = {
			isa = PBXGroup;
			children = (
				F95AE34D1F25D98900946B37 /* LBEnterpriseHeaderView.swift */,
				F95AE34F1F25D9A300946B37 /* LBEnterpriseHeaderView.xib */,
				F974C8E91F26F1AD00A4B029 /* LBServiceClassify.xib */,
				F974C8EB1F26F22800A4B029 /* LBServiceClassify.swift */,
				F974C8ED1F273C0D00A4B029 /* LBBusinessOpportunityTableViewCell.swift */,
				F974C8EE1F273C0D00A4B029 /* LBBusinessOpportunityTableViewCell.xib */,
				F974C8F41F27486D00A4B029 /* LBVariousActivitiesTableViewCell.swift */,
				F974C8F51F27486D00A4B029 /* LBVariousActivitiesTableViewCell.xib */,
				F974C8F81F274BA400A4B029 /* LBProjectExchangeTableViewCell.swift */,
				F974C8F91F274BA400A4B029 /* LBProjectExchangeTableViewCell.xib */,
				F974C8FC1F274E3800A4B029 /* LBCheckMoreTableViewCell.swift */,
				F974C8FD1F274E3800A4B029 /* LBCheckMoreTableViewCell.xib */,
			);
			path = view;
			sourceTree = "<group>";
		};
		F974C9021F2760E800A4B029 /* model */ = {
			isa = PBXGroup;
			children = (
			);
			path = model;
			sourceTree = "<group>";
		};
		F974C9031F2760F800A4B029 /* view */ = {
			isa = PBXGroup;
			children = (
				F974C9041F27612500A4B029 /* LBMineHeaderView.swift */,
				F974C9061F27613500A4B029 /* LBMineHeaderView.xib */,
				F90AE36B1F2841A500DCF645 /* LBMineListTableViewCell.swift */,
				F90AE36C1F2841A500DCF645 /* LBMineListTableViewCell.xib */,
			);
			path = view;
			sourceTree = "<group>";
		};
/* End PBXGroup section */

/* Begin PBXNativeTarget section */
		F95AE2E41F258E4300946B37 /* chinaPartner */ = {
			isa = PBXNativeTarget;
			buildConfigurationList = F95AE3121F258E4400946B37 /* Build configuration list for PBXNativeTarget "chinaPartner" */;
			buildPhases = (
				F95AE2E11F258E4300946B37 /* Sources */,
				F95AE2E21F258E4300946B37 /* Frameworks */,
				F95AE2E31F258E4300946B37 /* Resources */,
			);
			buildRules = (
			);
			dependencies = (
			);
			name = chinaPartner;
			productName = chinaPartner;
			productReference = F95AE2E51F258E4300946B37 /* chinaPartner.app */;
			productType = "com.apple.product-type.application";
		};
		F95AE2FD1F258E4300946B37 /* chinaPartnerTests */ = {
			isa = PBXNativeTarget;
			buildConfigurationList = F95AE3151F258E4400946B37 /* Build configuration list for PBXNativeTarget "chinaPartnerTests" */;
			buildPhases = (
				F95AE2FA1F258E4300946B37 /* Sources */,
				F95AE2FB1F258E4300946B37 /* Frameworks */,
				F95AE2FC1F258E4300946B37 /* Resources */,
			);
			buildRules = (
			);
			dependencies = (
				F95AE3001F258E4300946B37 /* PBXTargetDependency */,
			);
			name = chinaPartnerTests;
			productName = chinaPartnerTests;
			productReference = F95AE2FE1F258E4300946B37 /* chinaPartnerTests.xctest */;
			productType = "com.apple.product-type.bundle.unit-test";
		};
		F95AE3081F258E4400946B37 /* chinaPartnerUITests */ = {
			isa = PBXNativeTarget;
			buildConfigurationList = F95AE3181F258E4400946B37 /* Build configuration list for PBXNativeTarget "chinaPartnerUITests" */;
			buildPhases = (
				F95AE3051F258E4400946B37 /* Sources */,
				F95AE3061F258E4400946B37 /* Frameworks */,
				F95AE3071F258E4400946B37 /* Resources */,
			);
			buildRules = (
			);
			dependencies = (
				F95AE30B1F258E4400946B37 /* PBXTargetDependency */,
			);
			name = chinaPartnerUITests;
			productName = chinaPartnerUITests;
			productReference = F95AE3091F258E4400946B37 /* chinaPartnerUITests.xctest */;
			productType = "com.apple.product-type.bundle.ui-testing";
		};
/* End PBXNativeTarget section */

/* Begin PBXProject section */
		F95AE2DD1F258E4300946B37 /* Project object */ = {
			isa = PBXProject;
			attributes = {
				LastUpgradeCheck = 0830;
				ORGANIZATIONNAME = "四川三君科技有限公司";
				TargetAttributes = {
					F95AE2E41F258E4300946B37 = {
						CreatedOnToolsVersion = 8.3.2;
						DevelopmentTeam = GCU762TQ3E;
						LastSwiftMigration = 0830;
						ProvisioningStyle = Automatic;
					};
					F95AE2FD1F258E4300946B37 = {
						CreatedOnToolsVersion = 8.3.2;
						ProvisioningStyle = Automatic;
						TestTargetID = F95AE2E41F258E4300946B37;
					};
					F95AE3081F258E4400946B37 = {
						CreatedOnToolsVersion = 8.3.2;
						ProvisioningStyle = Automatic;
						TestTargetID = F95AE2E41F258E4300946B37;
					};
				};
			};
			buildConfigurationList = F95AE2E01F258E4300946B37 /* Build configuration list for PBXProject "chinaPartner" */;
			compatibilityVersion = "Xcode 3.2";
			developmentRegion = English;
			hasScannedForEncodings = 0;
			knownRegions = (
				en,
				Base,
			);
			mainGroup = F95AE2DC1F258E4300946B37;
			productRefGroup = F95AE2E61F258E4300946B37 /* Products */;
			projectDirPath = "";
			projectRoot = "";
			targets = (
				F95AE2E41F258E4300946B37 /* chinaPartner */,
				F95AE2FD1F258E4300946B37 /* chinaPartnerTests */,
				F95AE3081F258E4400946B37 /* chinaPartnerUITests */,
			);
		};
/* End PBXProject section */

/* Begin PBXResourcesBuildPhase section */
		F95AE2E31F258E4300946B37 /* Resources */ = {
			isa = PBXResourcesBuildPhase;
			buildActionMask = 2147483647;
			files = (
				F95AE34A1F25CEC300946B37 /* enterpriseSource.xcassets in Resources */,
				F95AE3341F25917400946B37 /* LBCircleViewController.xib in Resources */,
				F974C8F01F273C0D00A4B029 /* LBBusinessOpportunityTableViewCell.xib in Resources */,
				4A57E6AD1F29C6830081E49A /* GLLoginController.xib in Resources */,
				F95AE32C1F25913800946B37 /* LBBusinessOpportunityViewController.xib in Resources */,
				F974C8FB1F274BA400A4B029 /* LBProjectExchangeTableViewCell.xib in Resources */,
				4A57E69E1F29C4660081E49A /* GLBusiness_FirstCell.xib in Resources */,
				4A57E69A1F29C4660081E49A /* GLBusiness_DetailController.xib in Resources */,
				F95AE2F81F258E4300946B37 /* LaunchScreen.storyboard in Resources */,
				4A57E6B41F29CF730081E49A /* GLRegisterController.xib in Resources */,
				F95AE3281F2590C000946B37 /* LBEnterpriseViewController.xib in Resources */,
				4A750E3E1F287EA0002B7244 /* GLBusiness_PreferredController.xib in Resources */,
				F974C8F71F27486D00A4B029 /* LBVariousActivitiesTableViewCell.xib in Resources */,
				F974C9071F27613500A4B029 /* LBMineHeaderView.xib in Resources */,
				4A57E6B91F29D67F0081E49A /* GLForgetPasswordController.xib in Resources */,
				F974C9011F275AB100A4B029 /* Mine.xcassets in Resources */,
				F95AE2F51F258E4300946B37 /* Assets.xcassets in Resources */,
				F95AE3301F25915400946B37 /* LBProjectViewController.xib in Resources */,
				F974C8EA1F26F1AD00A4B029 /* LBServiceClassify.xib in Resources */,
				F946F5A21F2883EB0091A503 /* LBAddNewProjectViewController.xib in Resources */,
				4A57E69C1F29C4660081E49A /* GLBusiness_DetailCell.xib in Resources */,
				F95AE3481F25C7CD00946B37 /* tabbarSource.xcassets in Resources */,
				4A57E6831F2977F10081E49A /* GLBusiness_ChooseController.xib in Resources */,
				F946F5A61F2892350091A503 /* LBEssentialInformationViewController.xib in Resources */,
				F95AE2F31F258E4300946B37 /* Main.storyboard in Resources */,
				F95AE3501F25D9A300946B37 /* LBEnterpriseHeaderView.xib in Resources */,
				F95AE3381F25918C00946B37 /* LBMineViewController.xib in Resources */,
				F974C8FF1F274E3800A4B029 /* LBCheckMoreTableViewCell.xib in Resources */,
				4A57E6AF1F29C7140081E49A /* LoginAndRegister.xcassets in Resources */,
				F90AE36E1F2841A500DCF645 /* LBMineListTableViewCell.xib in Resources */,
			);
			runOnlyForDeploymentPostprocessing = 0;
		};
		F95AE2FC1F258E4300946B37 /* Resources */ = {
			isa = PBXResourcesBuildPhase;
			buildActionMask = 2147483647;
			files = (
			);
			runOnlyForDeploymentPostprocessing = 0;
		};
		F95AE3071F258E4400946B37 /* Resources */ = {
			isa = PBXResourcesBuildPhase;
			buildActionMask = 2147483647;
			files = (
			);
			runOnlyForDeploymentPostprocessing = 0;
		};
/* End PBXResourcesBuildPhase section */

/* Begin PBXSourcesBuildPhase section */
		F95AE2E11F258E4300946B37 /* Sources */ = {
			isa = PBXSourcesBuildPhase;
			buildActionMask = 2147483647;
			files = (
				F946F5A51F2892350091A503 /* LBEssentialInformationViewController.swift in Sources */,
				F946F5A11F2883EB0091A503 /* LBAddNewProjectViewController.swift in Sources */,
				4A57E67E1F2977C80081E49A /* UIView+Extension.m in Sources */,
				4A57E69D1F29C4660081E49A /* GLBusiness_FirstCell.m in Sources */,
				F974C8F61F27486D00A4B029 /* LBVariousActivitiesTableViewCell.swift in Sources */,
				F974C8F31F273EED00A4B029 /* UIButton+SetEdgeInsets.m in Sources */,
				F95AE2F01F258E4300946B37 /* ViewController.m in Sources */,
				F95AE33D1F25957F00946B37 /* basenavagationViewController.swift in Sources */,
				4A57E6AC1F29C6830081E49A /* GLLoginController.m in Sources */,
				F95AE2ED1F258E4300946B37 /* AppDelegate.m in Sources */,
				F974C8FE1F274E3800A4B029 /* LBCheckMoreTableViewCell.swift in Sources */,
				F95AE33E1F25957F00946B37 /* rootTableViewController.swift in Sources */,
				F95AE32F1F25915400946B37 /* LBProjectViewController.swift in Sources */,
				F95AE34E1F25D98900946B37 /* LBEnterpriseHeaderView.swift in Sources */,
				F95AE3371F25918C00946B37 /* LBMineViewController.swift in Sources */,
				F95AE3331F25917400946B37 /* LBCircleViewController.swift in Sources */,
				F95AE32B1F25913800946B37 /* LBBusinessOpportunityViewController.swift in Sources */,
				F974C9051F27612500A4B029 /* LBMineHeaderView.swift in Sources */,
				4A57E69B1F29C4660081E49A /* GLBusiness_DetailCell.m in Sources */,
				4A750E3D1F287EA0002B7244 /* GLBusiness_PreferredController.m in Sources */,
				F974C8EF1F273C0D00A4B029 /* LBBusinessOpportunityTableViewCell.swift in Sources */,
				4A57E6B31F29CF730081E49A /* GLRegisterController.m in Sources */,
				F90AE36D1F2841A500DCF645 /* LBMineListTableViewCell.swift in Sources */,
				F95AE3271F2590C000946B37 /* LBEnterpriseViewController.swift in Sources */,
				4A57E6821F2977F10081E49A /* GLBusiness_ChooseController.m in Sources */,
				F95AE3531F25E32400946B37 /* headerpch.swift in Sources */,
				F974C8EC1F26F22800A4B029 /* LBServiceClassify.swift in Sources */,
				4A57E6991F29C4660081E49A /* GLBusiness_DetailController.m in Sources */,
				F95AE2EA1F258E4300946B37 /* main.m in Sources */,
				F974C8FA1F274BA400A4B029 /* LBProjectExchangeTableViewCell.swift in Sources */,
				4A57E6B81F29D67F0081E49A /* GLForgetPasswordController.m in Sources */,
			);
			runOnlyForDeploymentPostprocessing = 0;
		};
		F95AE2FA1F258E4300946B37 /* Sources */ = {
			isa = PBXSourcesBuildPhase;
			buildActionMask = 2147483647;
			files = (
				F95AE3031F258E4300946B37 /* chinaPartnerTests.m in Sources */,
			);
			runOnlyForDeploymentPostprocessing = 0;
		};
		F95AE3051F258E4400946B37 /* Sources */ = {
			isa = PBXSourcesBuildPhase;
			buildActionMask = 2147483647;
			files = (
				F95AE30E1F258E4400946B37 /* chinaPartnerUITests.m in Sources */,
			);
			runOnlyForDeploymentPostprocessing = 0;
		};
/* End PBXSourcesBuildPhase section */

/* Begin PBXTargetDependency section */
		F95AE3001F258E4300946B37 /* PBXTargetDependency */ = {
			isa = PBXTargetDependency;
			target = F95AE2E41F258E4300946B37 /* chinaPartner */;
			targetProxy = F95AE2FF1F258E4300946B37 /* PBXContainerItemProxy */;
		};
		F95AE30B1F258E4400946B37 /* PBXTargetDependency */ = {
			isa = PBXTargetDependency;
			target = F95AE2E41F258E4300946B37 /* chinaPartner */;
			targetProxy = F95AE30A1F258E4400946B37 /* PBXContainerItemProxy */;
		};
/* End PBXTargetDependency section */

/* Begin PBXVariantGroup section */
		F95AE2F11F258E4300946B37 /* Main.storyboard */ = {
			isa = PBXVariantGroup;
			children = (
				F95AE2F21F258E4300946B37 /* Base */,
			);
			name = Main.storyboard;
			sourceTree = "<group>";
		};
		F95AE2F61F258E4300946B37 /* LaunchScreen.storyboard */ = {
			isa = PBXVariantGroup;
			children = (
				F95AE2F71F258E4300946B37 /* Base */,
			);
			name = LaunchScreen.storyboard;
			sourceTree = "<group>";
		};
/* End PBXVariantGroup section */

/* Begin XCBuildConfiguration section */
		F95AE3101F258E4400946B37 /* Debug */ = {
			isa = XCBuildConfiguration;
			buildSettings = {
				ALWAYS_SEARCH_USER_PATHS = NO;
				CLANG_ANALYZER_NONNULL = YES;
				CLANG_ANALYZER_NUMBER_OBJECT_CONVERSION = YES_AGGRESSIVE;
				CLANG_CXX_LANGUAGE_STANDARD = "gnu++0x";
				CLANG_CXX_LIBRARY = "libc++";
				CLANG_ENABLE_MODULES = YES;
				CLANG_ENABLE_OBJC_ARC = YES;
				CLANG_WARN_BOOL_CONVERSION = YES;
				CLANG_WARN_CONSTANT_CONVERSION = YES;
				CLANG_WARN_DIRECT_OBJC_ISA_USAGE = YES_ERROR;
				CLANG_WARN_DOCUMENTATION_COMMENTS = YES;
				CLANG_WARN_EMPTY_BODY = YES;
				CLANG_WARN_ENUM_CONVERSION = YES;
				CLANG_WARN_INFINITE_RECURSION = YES;
				CLANG_WARN_INT_CONVERSION = YES;
				CLANG_WARN_OBJC_ROOT_CLASS = YES_ERROR;
				CLANG_WARN_SUSPICIOUS_MOVE = YES;
				CLANG_WARN_UNREACHABLE_CODE = YES;
				CLANG_WARN__DUPLICATE_METHOD_MATCH = YES;
				"CODE_SIGN_IDENTITY[sdk=iphoneos*]" = "iPhone Developer";
				COPY_PHASE_STRIP = NO;
				DEBUG_INFORMATION_FORMAT = dwarf;
				ENABLE_STRICT_OBJC_MSGSEND = YES;
				ENABLE_TESTABILITY = YES;
				GCC_C_LANGUAGE_STANDARD = gnu99;
				GCC_DYNAMIC_NO_PIC = NO;
				GCC_NO_COMMON_BLOCKS = YES;
				GCC_OPTIMIZATION_LEVEL = 0;
				GCC_PREPROCESSOR_DEFINITIONS = (
					"DEBUG=1",
					"$(inherited)",
				);
				GCC_WARN_64_TO_32_BIT_CONVERSION = YES;
				GCC_WARN_ABOUT_RETURN_TYPE = YES_ERROR;
				GCC_WARN_UNDECLARED_SELECTOR = YES;
				GCC_WARN_UNINITIALIZED_AUTOS = YES_AGGRESSIVE;
				GCC_WARN_UNUSED_FUNCTION = YES;
				GCC_WARN_UNUSED_VARIABLE = YES;
				IPHONEOS_DEPLOYMENT_TARGET = 10.3;
				MTL_ENABLE_DEBUG_INFO = YES;
				ONLY_ACTIVE_ARCH = YES;
				SDKROOT = iphoneos;
				TARGETED_DEVICE_FAMILY = "1,2";
			};
			name = Debug;
		};
		F95AE3111F258E4400946B37 /* Release */ = {
			isa = XCBuildConfiguration;
			buildSettings = {
				ALWAYS_SEARCH_USER_PATHS = NO;
				CLANG_ANALYZER_NONNULL = YES;
				CLANG_ANALYZER_NUMBER_OBJECT_CONVERSION = YES_AGGRESSIVE;
				CLANG_CXX_LANGUAGE_STANDARD = "gnu++0x";
				CLANG_CXX_LIBRARY = "libc++";
				CLANG_ENABLE_MODULES = YES;
				CLANG_ENABLE_OBJC_ARC = YES;
				CLANG_WARN_BOOL_CONVERSION = YES;
				CLANG_WARN_CONSTANT_CONVERSION = YES;
				CLANG_WARN_DIRECT_OBJC_ISA_USAGE = YES_ERROR;
				CLANG_WARN_DOCUMENTATION_COMMENTS = YES;
				CLANG_WARN_EMPTY_BODY = YES;
				CLANG_WARN_ENUM_CONVERSION = YES;
				CLANG_WARN_INFINITE_RECURSION = YES;
				CLANG_WARN_INT_CONVERSION = YES;
				CLANG_WARN_OBJC_ROOT_CLASS = YES_ERROR;
				CLANG_WARN_SUSPICIOUS_MOVE = YES;
				CLANG_WARN_UNREACHABLE_CODE = YES;
				CLANG_WARN__DUPLICATE_METHOD_MATCH = YES;
				"CODE_SIGN_IDENTITY[sdk=iphoneos*]" = "iPhone Developer";
				COPY_PHASE_STRIP = NO;
				DEBUG_INFORMATION_FORMAT = "dwarf-with-dsym";
				ENABLE_NS_ASSERTIONS = NO;
				ENABLE_STRICT_OBJC_MSGSEND = YES;
				GCC_C_LANGUAGE_STANDARD = gnu99;
				GCC_NO_COMMON_BLOCKS = YES;
				GCC_WARN_64_TO_32_BIT_CONVERSION = YES;
				GCC_WARN_ABOUT_RETURN_TYPE = YES_ERROR;
				GCC_WARN_UNDECLARED_SELECTOR = YES;
				GCC_WARN_UNINITIALIZED_AUTOS = YES_AGGRESSIVE;
				GCC_WARN_UNUSED_FUNCTION = YES;
				GCC_WARN_UNUSED_VARIABLE = YES;
				IPHONEOS_DEPLOYMENT_TARGET = 10.3;
				MTL_ENABLE_DEBUG_INFO = NO;
				SDKROOT = iphoneos;
				TARGETED_DEVICE_FAMILY = "1,2";
				VALIDATE_PRODUCT = YES;
			};
			name = Release;
		};
		F95AE3131F258E4400946B37 /* Debug */ = {
			isa = XCBuildConfiguration;
			buildSettings = {
				ASSETCATALOG_COMPILER_APPICON_NAME = AppIcon;
				CLANG_ENABLE_MODULES = YES;
				DEFINES_MODULE = YES;
				DEVELOPMENT_TEAM = GCU762TQ3E;
				GCC_PREFIX_HEADER = "$(SRCROOT)/chinaPartner/PrefixHeader.pch";
				INFOPLIST_FILE = chinaPartner/Info.plist;
				IPHONEOS_DEPLOYMENT_TARGET = 10.2;
				LD_RUNPATH_SEARCH_PATHS = "$(inherited) @executable_path/Frameworks";
				PRODUCT_BUNDLE_IDENTIFIER = com.xxxx.chinaPartner;
				PRODUCT_NAME = "$(TARGET_NAME)";
				SWIFT_OBJC_BRIDGING_HEADER = "chinaPartner/chinaPartner-Bridging-Header.h";
				SWIFT_OPTIMIZATION_LEVEL = "-Onone";
				SWIFT_VERSION = 3.0;
			};
			name = Debug;
		};
		F95AE3141F258E4400946B37 /* Release */ = {
			isa = XCBuildConfiguration;
			buildSettings = {
				ASSETCATALOG_COMPILER_APPICON_NAME = AppIcon;
				CLANG_ENABLE_MODULES = YES;
				DEFINES_MODULE = YES;
				DEVELOPMENT_TEAM = GCU762TQ3E;
				GCC_PREFIX_HEADER = "$(SRCROOT)/chinaPartner/PrefixHeader.pch";
				INFOPLIST_FILE = chinaPartner/Info.plist;
				IPHONEOS_DEPLOYMENT_TARGET = 10.2;
				LD_RUNPATH_SEARCH_PATHS = "$(inherited) @executable_path/Frameworks";
				PRODUCT_BUNDLE_IDENTIFIER = com.xxxx.chinaPartner;
				PRODUCT_NAME = "$(TARGET_NAME)";
				SWIFT_OBJC_BRIDGING_HEADER = "chinaPartner/chinaPartner-Bridging-Header.h";
				SWIFT_VERSION = 3.0;
			};
			name = Release;
		};
		F95AE3161F258E4400946B37 /* Debug */ = {
			isa = XCBuildConfiguration;
			buildSettings = {
				ALWAYS_EMBED_SWIFT_STANDARD_LIBRARIES = YES;
				BUNDLE_LOADER = "$(TEST_HOST)";
				INFOPLIST_FILE = chinaPartnerTests/Info.plist;
				LD_RUNPATH_SEARCH_PATHS = "$(inherited) @executable_path/Frameworks @loader_path/Frameworks";
				PRODUCT_BUNDLE_IDENTIFIER = com.xxxx.chinaPartnerTests;
				PRODUCT_NAME = "$(TARGET_NAME)";
				TEST_HOST = "$(BUILT_PRODUCTS_DIR)/chinaPartner.app/chinaPartner";
			};
			name = Debug;
		};
		F95AE3171F258E4400946B37 /* Release */ = {
			isa = XCBuildConfiguration;
			buildSettings = {
				ALWAYS_EMBED_SWIFT_STANDARD_LIBRARIES = YES;
				BUNDLE_LOADER = "$(TEST_HOST)";
				INFOPLIST_FILE = chinaPartnerTests/Info.plist;
				LD_RUNPATH_SEARCH_PATHS = "$(inherited) @executable_path/Frameworks @loader_path/Frameworks";
				PRODUCT_BUNDLE_IDENTIFIER = com.xxxx.chinaPartnerTests;
				PRODUCT_NAME = "$(TARGET_NAME)";
				TEST_HOST = "$(BUILT_PRODUCTS_DIR)/chinaPartner.app/chinaPartner";
			};
			name = Release;
		};
		F95AE3191F258E4400946B37 /* Debug */ = {
			isa = XCBuildConfiguration;
			buildSettings = {
				ALWAYS_EMBED_SWIFT_STANDARD_LIBRARIES = YES;
				INFOPLIST_FILE = chinaPartnerUITests/Info.plist;
				LD_RUNPATH_SEARCH_PATHS = "$(inherited) @executable_path/Frameworks @loader_path/Frameworks";
				PRODUCT_BUNDLE_IDENTIFIER = com.xxxx.chinaPartnerUITests;
				PRODUCT_NAME = "$(TARGET_NAME)";
				TEST_TARGET_NAME = chinaPartner;
			};
			name = Debug;
		};
		F95AE31A1F258E4400946B37 /* Release */ = {
			isa = XCBuildConfiguration;
			buildSettings = {
				ALWAYS_EMBED_SWIFT_STANDARD_LIBRARIES = YES;
				INFOPLIST_FILE = chinaPartnerUITests/Info.plist;
				LD_RUNPATH_SEARCH_PATHS = "$(inherited) @executable_path/Frameworks @loader_path/Frameworks";
				PRODUCT_BUNDLE_IDENTIFIER = com.xxxx.chinaPartnerUITests;
				PRODUCT_NAME = "$(TARGET_NAME)";
				TEST_TARGET_NAME = chinaPartner;
			};
			name = Release;
		};
/* End XCBuildConfiguration section */

/* Begin XCConfigurationList section */
		F95AE2E01F258E4300946B37 /* Build configuration list for PBXProject "chinaPartner" */ = {
			isa = XCConfigurationList;
			buildConfigurations = (
				F95AE3101F258E4400946B37 /* Debug */,
				F95AE3111F258E4400946B37 /* Release */,
			);
			defaultConfigurationIsVisible = 0;
			defaultConfigurationName = Release;
		};
		F95AE3121F258E4400946B37 /* Build configuration list for PBXNativeTarget "chinaPartner" */ = {
			isa = XCConfigurationList;
			buildConfigurations = (
				F95AE3131F258E4400946B37 /* Debug */,
				F95AE3141F258E4400946B37 /* Release */,
			);
			defaultConfigurationIsVisible = 0;
			defaultConfigurationName = Release;
		};
		F95AE3151F258E4400946B37 /* Build configuration list for PBXNativeTarget "chinaPartnerTests" */ = {
			isa = XCConfigurationList;
			buildConfigurations = (
				F95AE3161F258E4400946B37 /* Debug */,
				F95AE3171F258E4400946B37 /* Release */,
			);
			defaultConfigurationIsVisible = 0;
			defaultConfigurationName = Release;
		};
		F95AE3181F258E4400946B37 /* Build configuration list for PBXNativeTarget "chinaPartnerUITests" */ = {
			isa = XCConfigurationList;
			buildConfigurations = (
				F95AE3191F258E4400946B37 /* Debug */,
				F95AE31A1F258E4400946B37 /* Release */,
			);
			defaultConfigurationIsVisible = 0;
			defaultConfigurationName = Release;
		};
/* End XCConfigurationList section */
	};
	rootObject = F95AE2DD1F258E4300946B37 /* Project object */;
}
